
Microsoft Visual Studio Solution File, Format Version 12.00
# Visual Studio Version 17
VisualStudioVersion = 17.5.33530.505
MinimumVisualStudioVersion = 10.0.40219.1
Project("{FAE04EC0-301F-11D3-BF4B-00C04F79EFBC}") = "PlayWright_APItesting", "PlayWright_APItesting\PlayWright_APItesting.csproj", "{A8A7FE16-8A9E-4F91-8F03-1A91332FCF1E}"
EndProject
Global
	GlobalSection(SolutionConfigurationPlatforms) = preSolution
		Debug|Any CPU = Debug|Any CPU
		Release|Any CPU = Release|Any CPU
	EndGlobalSection
	GlobalSection(ProjectConfigurationPlatforms) = postSolution
		{A8A7FE16-8A9E-4F91-8F03-1A91332FCF1E}.Debug|Any CPU.ActiveCfg = Debug|Any CPU
		{A8A7FE16-8A9E-4F91-8F03-1A91332FCF1E}.Debug|Any CPU.Build.0 = Debug|Any CPU
		{A8A7FE16-8A9E-4F91-8F03-1A91332FCF1E}.Release|Any CPU.ActiveCfg = Release|Any CPU
		{A8A7FE16-8A9E-4F91-8F03-1A91332FCF1E}.Release|Any CPU.Build.0 = Release|Any CPU
	EndGlobalSection
	GlobalSection(SolutionProperties) = preSolution
		HideSolutionNode = FALSE
	EndGlobalSection
	GlobalSection(ExtensibilityGlobals) = postSolution
		SolutionGuid = {5C8701E0-7C11-4B8B-98F8-BEDE98BA0EB6}
	EndGlobalSection
EndGlobal
